// !$*UTF8*$!
{
	archiveVersion = 1;
	classes = {
	};
	objectVersion = 46;
	objects = {

/* Begin PBXBuildFile section */
		A2DCA77A36D9017F401163DB /* libPods-Example.a in Frameworks */ = {isa = PBXBuildFile; fileRef = 34B8F8D3AF097D5925AFC8EC /* libPods-Example.a */; };
		C09BC6251BA6FBCC0099C335 /* main.m in Sources */ = {isa = PBXBuildFile; fileRef = C09BC6241BA6FBCC0099C335 /* main.m */; };
		C09BC6281BA6FBCC0099C335 /* AppDelegate.m in Sources */ = {isa = PBXBuildFile; fileRef = C09BC6271BA6FBCC0099C335 /* AppDelegate.m */; };
		C09BC62B1BA6FBCC0099C335 /* ViewController.m in Sources */ = {isa = PBXBuildFile; fileRef = C09BC62A1BA6FBCC0099C335 /* ViewController.m */; };
		C09BC62E1BA6FBCC0099C335 /* Main.storyboard in Resources */ = {isa = PBXBuildFile; fileRef = C09BC62C1BA6FBCC0099C335 /* Main.storyboard */; };
		C09BC6301BA6FBCC0099C335 /* Images.xcassets in Resources */ = {isa = PBXBuildFile; fileRef = C09BC62F1BA6FBCC0099C335 /* Images.xcassets */; };
		C09BC6331BA6FBCC0099C335 /* LaunchScreen.xib in Resources */ = {isa = PBXBuildFile; fileRef = C09BC6311BA6FBCC0099C335 /* LaunchScreen.xib */; };
		C09BC63F1BA6FBCC0099C335 /* ExampleTests.m in Sources */ = {isa = PBXBuildFile; fileRef = C09BC63E1BA6FBCC0099C335 /* ExampleTests.m */; };
/* End PBXBuildFile section */

/* Begin PBXContainerItemProxy section */
		C09BC6391BA6FBCC0099C335 /* PBXContainerItemProxy */ = {
			isa = PBXContainerItemProxy;
			containerPortal = C09BC6151BA6FB9F0099C335 /* Project object */;
			proxyType = 1;
			remoteGlobalIDString = C09BC61E1BA6FBCC0099C335;
			remoteInfo = Example;
		};
/* End PBXContainerItemProxy section */

/* Begin PBXFileReference section */
		34B8F8D3AF097D5925AFC8EC /* libPods-Example.a */ = {isa = PBXFileReference; explicitFileType = archive.ar; includeInIndex = 0; path = "libPods-Example.a"; sourceTree = BUILT_PRODUCTS_DIR; };
		382EC73A1108EAD2F5817C11 /* Pods-Example.debug.xcconfig */ = {isa = PBXFileReference; includeInIndex = 1; lastKnownFileType = text.xcconfig; name = "Pods-Example.debug.xcconfig"; path = "Pods/Target Support Files/Pods-Example/Pods-Example.debug.xcconfig"; sourceTree = "<group>"; };
		C09BC61F1BA6FBCC0099C335 /* Example.app */ = {isa = PBXFileReference; explicitFileType = wrapper.application; includeInIndex = 0; path = Example.app; sourceTree = BUILT_PRODUCTS_DIR; };
		C09BC6231BA6FBCC0099C335 /* Info.plist */ = {isa = PBXFileReference; lastKnownFileType = text.plist.xml; path = Info.plist; sourceTree = "<group>"; };
		C09BC6241BA6FBCC0099C335 /* main.m */ = {isa = PBXFileReference; lastKnownFileType = sourcecode.c.objc; path = main.m; sourceTree = "<group>"; };
		C09BC6261BA6FBCC0099C335 /* AppDelegate.h */ = {isa = PBXFileReference; lastKnownFileType = sourcecode.c.h; path = AppDelegate.h; sourceTree = "<group>"; };
		C09BC6271BA6FBCC0099C335 /* AppDelegate.m */ = {isa = PBXFileReference; lastKnownFileType = sourcecode.c.objc; path = AppDelegate.m; sourceTree = "<group>"; };
		C09BC6291BA6FBCC0099C335 /* ViewController.h */ = {isa = PBXFileReference; lastKnownFileType = sourcecode.c.h; path = ViewController.h; sourceTree = "<group>"; };
		C09BC62A1BA6FBCC0099C335 /* ViewController.m */ = {isa = PBXFileReference; lastKnownFileType = sourcecode.c.objc; path = ViewController.m; sourceTree = "<group>"; };
		C09BC62D1BA6FBCC0099C335 /* Base */ = {isa = PBXFileReference; lastKnownFileType = file.storyboard; name = Base; path = Base.lproj/Main.storyboard; sourceTree = "<group>"; };
		C09BC62F1BA6FBCC0099C335 /* Images.xcassets */ = {isa = PBXFileReference; lastKnownFileType = folder.assetcatalog; path = Images.xcassets; sourceTree = "<group>"; };
		C09BC6321BA6FBCC0099C335 /* Base */ = {isa = PBXFileReference; lastKnownFileType = file.xib; name = Base; path = Base.lproj/LaunchScreen.xib; sourceTree = "<group>"; };
		C09BC6381BA6FBCC0099C335 /* ExampleTests.xctest */ = {isa = PBXFileReference; explicitFileType = wrapper.cfbundle; includeInIndex = 0; path = ExampleTests.xctest; sourceTree = BUILT_PRODUCTS_DIR; };
		C09BC63D1BA6FBCC0099C335 /* Info.plist */ = {isa = PBXFileReference; lastKnownFileType = text.plist.xml; path = Info.plist; sourceTree = "<group>"; };
		C09BC63E1BA6FBCC0099C335 /* ExampleTests.m */ = {isa = PBXFileReference; lastKnownFileType = sourcecode.c.objc; path = ExampleTests.m; sourceTree = "<group>"; };
		C09BC6471BA6FBF10099C335 /* TRMessageKit.podspec */ = {isa = PBXFileReference; lastKnownFileType = text; name = TRMessageKit.podspec; path = ../TRMessageKit.podspec; sourceTree = "<group>"; };
		C09BC6481BA6FC230099C335 /* Podfile */ = {isa = PBXFileReference; lastKnownFileType = text; path = Podfile; sourceTree = "<group>"; xcLanguageSpecificationIdentifier = xcode.lang.ruby; };
		C09BC64C1BA6FC7E0099C335 /* NSString+MessageInputView.h */ = {isa = PBXFileReference; lastKnownFileType = sourcecode.c.h; path = "NSString+MessageInputView.h"; sourceTree = "<group>"; };
		C09BC64D1BA6FC7E0099C335 /* NSString+MessageInputView.m */ = {isa = PBXFileReference; lastKnownFileType = sourcecode.c.objc; path = "NSString+MessageInputView.m"; sourceTree = "<group>"; };
		C09BC64E1BA6FC7E0099C335 /* NSString+XHMD5.h */ = {isa = PBXFileReference; lastKnownFileType = sourcecode.c.h; path = "NSString+XHMD5.h"; sourceTree = "<group>"; };
		C09BC64F1BA6FC7E0099C335 /* NSString+XHMD5.m */ = {isa = PBXFileReference; lastKnownFileType = sourcecode.c.objc; path = "NSString+XHMD5.m"; sourceTree = "<group>"; };
		C09BC6511BA6FC7E0099C335 /* UIImage+Alpha.h */ = {isa = PBXFileReference; lastKnownFileType = sourcecode.c.h; path = "UIImage+Alpha.h"; sourceTree = "<group>"; };
		C09BC6521BA6FC7E0099C335 /* UIImage+Alpha.m */ = {isa = PBXFileReference; lastKnownFileType = sourcecode.c.objc; path = "UIImage+Alpha.m"; sourceTree = "<group>"; };
		C09BC6531BA6FC7E0099C335 /* UIImage+Resize.h */ = {isa = PBXFileReference; lastKnownFileType = sourcecode.c.h; path = "UIImage+Resize.h"; sourceTree = "<group>"; };
		C09BC6541BA6FC7E0099C335 /* UIImage+Resize.m */ = {isa = PBXFileReference; lastKnownFileType = sourcecode.c.objc; path = "UIImage+Resize.m"; sourceTree = "<group>"; };
		C09BC6551BA6FC7E0099C335 /* UIImage+RoundedCorner.h */ = {isa = PBXFileReference; lastKnownFileType = sourcecode.c.h; path = "UIImage+RoundedCorner.h"; sourceTree = "<group>"; };
		C09BC6561BA6FC7E0099C335 /* UIImage+RoundedCorner.m */ = {isa = PBXFileReference; lastKnownFileType = sourcecode.c.objc; path = "UIImage+RoundedCorner.m"; sourceTree = "<group>"; };
		C09BC6571BA6FC7E0099C335 /* UIImage+Utility.h */ = {isa = PBXFileReference; lastKnownFileType = sourcecode.c.h; path = "UIImage+Utility.h"; sourceTree = "<group>"; };
		C09BC6581BA6FC7E0099C335 /* UIImage+Utility.m */ = {isa = PBXFileReference; lastKnownFileType = sourcecode.c.objc; path = "UIImage+Utility.m"; sourceTree = "<group>"; };
		C09BC6591BA6FC7E0099C335 /* UIImage+XHRounded.h */ = {isa = PBXFileReference; lastKnownFileType = sourcecode.c.h; path = "UIImage+XHRounded.h"; sourceTree = "<group>"; };
		C09BC65A1BA6FC7E0099C335 /* UIImage+XHRounded.m */ = {isa = PBXFileReference; lastKnownFileType = sourcecode.c.objc; path = "UIImage+XHRounded.m"; sourceTree = "<group>"; };
		C09BC65C1BA6FC7E0099C335 /* UIScrollView+XHkeyboardControl.h */ = {isa = PBXFileReference; lastKnownFileType = sourcecode.c.h; path = "UIScrollView+XHkeyboardControl.h"; sourceTree = "<group>"; };
		C09BC65D1BA6FC7E0099C335 /* UIScrollView+XHkeyboardControl.m */ = {isa = PBXFileReference; lastKnownFileType = sourcecode.c.objc; path = "UIScrollView+XHkeyboardControl.m"; sourceTree = "<group>"; };
		C09BC65F1BA6FC7E0099C335 /* XHPhotographyHelper.h */ = {isa = PBXFileReference; lastKnownFileType = sourcecode.c.h; path = XHPhotographyHelper.h; sourceTree = "<group>"; };
		C09BC6601BA6FC7E0099C335 /* XHPhotographyHelper.m */ = {isa = PBXFileReference; lastKnownFileType = sourcecode.c.objc; path = XHPhotographyHelper.m; sourceTree = "<group>"; };
		C09BC6611BA6FC7E0099C335 /* XHVoiceRecordHelper.h */ = {isa = PBXFileReference; lastKnownFileType = sourcecode.c.h; path = XHVoiceRecordHelper.h; sourceTree = "<group>"; };
		C09BC6621BA6FC7E0099C335 /* XHVoiceRecordHelper.m */ = {isa = PBXFileReference; lastKnownFileType = sourcecode.c.objc; path = XHVoiceRecordHelper.m; sourceTree = "<group>"; };
		C09BC6641BA6FC7E0099C335 /* XHMessageBubbleFactory.h */ = {isa = PBXFileReference; lastKnownFileType = sourcecode.c.h; path = XHMessageBubbleFactory.h; sourceTree = "<group>"; };
		C09BC6651BA6FC7E0099C335 /* XHMessageBubbleFactory.m */ = {isa = PBXFileReference; lastKnownFileType = sourcecode.c.objc; path = XHMessageBubbleFactory.m; sourceTree = "<group>"; };
		C09BC6661BA6FC7E0099C335 /* XHMessageVideoConverPhotoFactory.h */ = {isa = PBXFileReference; lastKnownFileType = sourcecode.c.h; path = XHMessageVideoConverPhotoFactory.h; sourceTree = "<group>"; };
		C09BC6671BA6FC7E0099C335 /* XHMessageVideoConverPhotoFactory.m */ = {isa = PBXFileReference; lastKnownFileType = sourcecode.c.objc; path = XHMessageVideoConverPhotoFactory.m; sourceTree = "<group>"; };
		C09BC6681BA6FC7E0099C335 /* XHMessageVoiceFactory.h */ = {isa = PBXFileReference; lastKnownFileType = sourcecode.c.h; path = XHMessageVoiceFactory.h; sourceTree = "<group>"; };
		C09BC6691BA6FC7E0099C335 /* XHMessageVoiceFactory.m */ = {isa = PBXFileReference; lastKnownFileType = sourcecode.c.objc; path = XHMessageVoiceFactory.m; sourceTree = "<group>"; };
		C09BC66B1BA6FC7E0099C335 /* XHFoundationMacro.h */ = {isa = PBXFileReference; lastKnownFileType = sourcecode.c.h; path = XHFoundationMacro.h; sourceTree = "<group>"; };
		C09BC66D1BA6FC7E0099C335 /* XHShareMenuItem.h */ = {isa = PBXFileReference; lastKnownFileType = sourcecode.c.h; path = XHShareMenuItem.h; sourceTree = "<group>"; };
		C09BC66E1BA6FC7E0099C335 /* XHShareMenuItem.m */ = {isa = PBXFileReference; lastKnownFileType = sourcecode.c.objc; path = XHShareMenuItem.m; sourceTree = "<group>"; };
		C09BC6711BA6FC7E0099C335 /* XHBubbleMsgImageView.h */ = {isa = PBXFileReference; lastKnownFileType = sourcecode.c.h; path = XHBubbleMsgImageView.h; sourceTree = "<group>"; };
		C09BC6721BA6FC7E0099C335 /* XHBubbleMsgImageView.m */ = {isa = PBXFileReference; lastKnownFileType = sourcecode.c.objc; path = XHBubbleMsgImageView.m; sourceTree = "<group>"; };
		C09BC6731BA6FC7E0099C335 /* XHBubblePhotoImageView.h */ = {isa = PBXFileReference; lastKnownFileType = sourcecode.c.h; path = XHBubblePhotoImageView.h; sourceTree = "<group>"; };
		C09BC6741BA6FC7E0099C335 /* XHBubblePhotoImageView.m */ = {isa = PBXFileReference; lastKnownFileType = sourcecode.c.objc; path = XHBubblePhotoImageView.m; sourceTree = "<group>"; };
		C09BC6751BA6FC7E0099C335 /* XHMessageTableView.h */ = {isa = PBXFileReference; lastKnownFileType = sourcecode.c.h; path = XHMessageTableView.h; sourceTree = "<group>"; };
		C09BC6761BA6FC7E0099C335 /* XHMessageTableView.m */ = {isa = PBXFileReference; lastKnownFileType = sourcecode.c.objc; path = XHMessageTableView.m; sourceTree = "<group>"; };
		C09BC6781BA6FC7E0099C335 /* XHMessageInputView.h */ = {isa = PBXFileReference; lastKnownFileType = sourcecode.c.h; path = XHMessageInputView.h; sourceTree = "<group>"; };
		C09BC6791BA6FC7E0099C335 /* XHMessageInputView.m */ = {isa = PBXFileReference; lastKnownFileType = sourcecode.c.objc; path = XHMessageInputView.m; sourceTree = "<group>"; };
		C09BC67A1BA6FC7E0099C335 /* XHMessageTextView.h */ = {isa = PBXFileReference; lastKnownFileType = sourcecode.c.h; path = XHMessageTextView.h; sourceTree = "<group>"; };
		C09BC67B1BA6FC7E0099C335 /* XHMessageTextView.m */ = {isa = PBXFileReference; lastKnownFileType = sourcecode.c.objc; path = XHMessageTextView.m; sourceTree = "<group>"; };
		C09BC67C1BA6FC7E0099C335 /* XHVoiceRecordHUD.h */ = {isa = PBXFileReference; lastKnownFileType = sourcecode.c.h; path = XHVoiceRecordHUD.h; sourceTree = "<group>"; };
		C09BC67D1BA6FC7E0099C335 /* XHVoiceRecordHUD.m */ = {isa = PBXFileReference; lastKnownFileType = sourcecode.c.objc; path = XHVoiceRecordHUD.m; sourceTree = "<group>"; };
		C09BC67F1BA6FC7E0099C335 /* XHShareMenuView.h */ = {isa = PBXFileReference; lastKnownFileType = sourcecode.c.h; path = XHShareMenuView.h; sourceTree = "<group>"; };
		C09BC6801BA6FC7E0099C335 /* XHShareMenuView.m */ = {isa = PBXFileReference; lastKnownFileType = sourcecode.c.objc; path = XHShareMenuView.m; sourceTree = "<group>"; };
		C09BC6831BA6FC7E0099C335 /* emotions.bundle */ = {isa = PBXFileReference; lastKnownFileType = "wrapper.plug-in"; path = emotions.bundle; sourceTree = "<group>"; };
		C09BC6851BA6FC7E0099C335 /* en */ = {isa = PBXFileReference; lastKnownFileType = text.plist.strings; name = en; path = en.lproj/MessageDisplayKitString.strings; sourceTree = "<group>"; };
		C09BC6871BA6FC7E0099C335 /* m_avator@2x.png */ = {isa = PBXFileReference; lastKnownFileType = image.png; path = "m_avator@2x.png"; sourceTree = "<group>"; };
		C09BC6881BA6FC7E0099C335 /* m_face@2x.png */ = {isa = PBXFileReference; lastKnownFileType = image.png; path = "m_face@2x.png"; sourceTree = "<group>"; };
		C09BC6891BA6FC7E0099C335 /* m_face_HL@2x.png */ = {isa = PBXFileReference; lastKnownFileType = image.png; path = "m_face_HL@2x.png"; sourceTree = "<group>"; };
		C09BC68A1BA6FC7E0099C335 /* m_input-bar-background.png */ = {isa = PBXFileReference; lastKnownFileType = image.png; path = "m_input-bar-background.png"; sourceTree = "<group>"; };
		C09BC68B1BA6FC7E0099C335 /* m_input-bar-background@2x.png */ = {isa = PBXFileReference; lastKnownFileType = image.png; path = "m_input-bar-background@2x.png"; sourceTree = "<group>"; };
		C09BC68C1BA6FC7E0099C335 /* m_input-bar-flat.png */ = {isa = PBXFileReference; lastKnownFileType = image.png; path = "m_input-bar-flat.png"; sourceTree = "<group>"; };
		C09BC68D1BA6FC7E0099C335 /* m_input-bar-flat@2x.png */ = {isa = PBXFileReference; lastKnownFileType = image.png; path = "m_input-bar-flat@2x.png"; sourceTree = "<group>"; };
		C09BC68E1BA6FC7E0099C335 /* m_input-field-cover.png */ = {isa = PBXFileReference; lastKnownFileType = image.png; path = "m_input-field-cover.png"; sourceTree = "<group>"; };
		C09BC68F1BA6FC7E0099C335 /* m_input-field-cover@2x.png */ = {isa = PBXFileReference; lastKnownFileType = image.png; path = "m_input-field-cover@2x.png"; sourceTree = "<group>"; };
		C09BC6901BA6FC7E0099C335 /* m_keyborad@2x.png */ = {isa = PBXFileReference; lastKnownFileType = image.png; path = "m_keyborad@2x.png"; sourceTree = "<group>"; };
		C09BC6911BA6FC7E0099C335 /* m_location_menu@2x.png */ = {isa = PBXFileReference; lastKnownFileType = image.png; path = "m_location_menu@2x.png"; sourceTree = "<group>"; };
		C09BC6921BA6FC7E0099C335 /* m_media_default@2x.png */ = {isa = PBXFileReference; lastKnownFileType = image.png; path = "m_media_default@2x.png"; sourceTree = "<group>"; };
		C09BC6931BA6FC7E0099C335 /* m_MessageVideoPlay@2x.png */ = {isa = PBXFileReference; lastKnownFileType = image.png; path = "m_MessageVideoPlay@2x.png"; sourceTree = "<group>"; };
		C09BC6941BA6FC7E0099C335 /* m_msg_chat_voice_unread.png */ = {isa = PBXFileReference; lastKnownFileType = image.png; path = m_msg_chat_voice_unread.png; sourceTree = "<group>"; };
		C09BC6951BA6FC7E0099C335 /* m_msg_chat_voice_unread@2x.png */ = {isa = PBXFileReference; lastKnownFileType = image.png; path = "m_msg_chat_voice_unread@2x.png"; sourceTree = "<group>"; };
		C09BC6961BA6FC7E0099C335 /* m_multiMedia@2x.png */ = {isa = PBXFileReference; lastKnownFileType = image.png; path = "m_multiMedia@2x.png"; sourceTree = "<group>"; };
		C09BC6971BA6FC7E0099C335 /* m_multiMedia_HL@2x.png */ = {isa = PBXFileReference; lastKnownFileType = image.png; path = "m_multiMedia_HL@2x.png"; sourceTree = "<group>"; };
		C09BC6981BA6FC7E0099C335 /* m_photo_menu@2x.png */ = {isa = PBXFileReference; lastKnownFileType = image.png; path = "m_photo_menu@2x.png"; sourceTree = "<group>"; };
		C09BC6991BA6FC7E0099C335 /* m_ReceiverVoiceNodePlaying000@2x.png */ = {isa = PBXFileReference; lastKnownFileType = image.png; path = "m_ReceiverVoiceNodePlaying000@2x.png"; sourceTree = "<group>"; };
		C09BC69A1BA6FC7E0099C335 /* m_ReceiverVoiceNodePlaying001@2x.png */ = {isa = PBXFileReference; lastKnownFileType = image.png; path = "m_ReceiverVoiceNodePlaying001@2x.png"; sourceTree = "<group>"; };
		C09BC69B1BA6FC7E0099C335 /* m_ReceiverVoiceNodePlaying002@2x.png */ = {isa = PBXFileReference; lastKnownFileType = image.png; path = "m_ReceiverVoiceNodePlaying002@2x.png"; sourceTree = "<group>"; };
		C09BC69C1BA6FC7E0099C335 /* m_ReceiverVoiceNodePlaying003@2x.png */ = {isa = PBXFileReference; lastKnownFileType = image.png; path = "m_ReceiverVoiceNodePlaying003@2x.png"; sourceTree = "<group>"; };
		C09BC69D1BA6FC7E0099C335 /* m_ReceiverVoiceNodePlaying@2x.png */ = {isa = PBXFileReference; lastKnownFileType = image.png; path = "m_ReceiverVoiceNodePlaying@2x.png"; sourceTree = "<group>"; };
		C09BC69E1BA6FC7E0099C335 /* m_RecordCancel@2x.png */ = {isa = PBXFileReference; lastKnownFileType = image.png; path = "m_RecordCancel@2x.png"; sourceTree = "<group>"; };
		C09BC69F1BA6FC7E0099C335 /* m_RecordingBkg@2x.png */ = {isa = PBXFileReference; lastKnownFileType = image.png; path = "m_RecordingBkg@2x.png"; sourceTree = "<group>"; };
		C09BC6A01BA6FC7E0099C335 /* m_RecordingSignal001@2x.png */ = {isa = PBXFileReference; lastKnownFileType = image.png; path = "m_RecordingSignal001@2x.png"; sourceTree = "<group>"; };
		C09BC6A11BA6FC7E0099C335 /* m_RecordingSignal004@2x.png */ = {isa = PBXFileReference; lastKnownFileType = image.png; path = "m_RecordingSignal004@2x.png"; sourceTree = "<group>"; };
		C09BC6A21BA6FC7E0099C335 /* m_RecordingSignal005@2x.png */ = {isa = PBXFileReference; lastKnownFileType = image.png; path = "m_RecordingSignal005@2x.png"; sourceTree = "<group>"; };
		C09BC6A31BA6FC7E0099C335 /* m_RecordingSignal006@2x.png */ = {isa = PBXFileReference; lastKnownFileType = image.png; path = "m_RecordingSignal006@2x.png"; sourceTree = "<group>"; };
		C09BC6A41BA6FC7E0099C335 /* m_RecordingSignal007@2x.png */ = {isa = PBXFileReference; lastKnownFileType = image.png; path = "m_RecordingSignal007@2x.png"; sourceTree = "<group>"; };
		C09BC6A51BA6FC7E0099C335 /* m_RecordingSignal008@2x.png */ = {isa = PBXFileReference; lastKnownFileType = image.png; path = "m_RecordingSignal008@2x.png"; sourceTree = "<group>"; };
		C09BC6A61BA6FC7E0099C335 /* m_resend@2x.png */ = {isa = PBXFileReference; lastKnownFileType = image.png; path = "m_resend@2x.png"; sourceTree = "<group>"; };
		C09BC6A71BA6FC7E0099C335 /* m_SenderVoiceNodePlaying000@2x.png */ = {isa = PBXFileReference; lastKnownFileType = image.png; path = "m_SenderVoiceNodePlaying000@2x.png"; sourceTree = "<group>"; };
		C09BC6A81BA6FC7E0099C335 /* m_SenderVoiceNodePlaying001@2x.png */ = {isa = PBXFileReference; lastKnownFileType = image.png; path = "m_SenderVoiceNodePlaying001@2x.png"; sourceTree = "<group>"; };
		C09BC6A91BA6FC7E0099C335 /* m_SenderVoiceNodePlaying002@2x.png */ = {isa = PBXFileReference; lastKnownFileType = image.png; path = "m_SenderVoiceNodePlaying002@2x.png"; sourceTree = "<group>"; };
		C09BC6AA1BA6FC7E0099C335 /* m_SenderVoiceNodePlaying003@2x.png */ = {isa = PBXFileReference; lastKnownFileType = image.png; path = "m_SenderVoiceNodePlaying003@2x.png"; sourceTree = "<group>"; };
		C09BC6AB1BA6FC7E0099C335 /* m_SenderVoiceNodePlaying@2x.png */ = {isa = PBXFileReference; lastKnownFileType = image.png; path = "m_SenderVoiceNodePlaying@2x.png"; sourceTree = "<group>"; };
		C09BC6AC1BA6FC7E0099C335 /* m_video_menu@2x.png */ = {isa = PBXFileReference; lastKnownFileType = image.png; path = "m_video_menu@2x.png"; sourceTree = "<group>"; };
		C09BC6AD1BA6FC7E0099C335 /* m_voice@2x.png */ = {isa = PBXFileReference; lastKnownFileType = image.png; path = "m_voice@2x.png"; sourceTree = "<group>"; };
		C09BC6AE1BA6FC7E0099C335 /* m_voice_HL@2x.png */ = {isa = PBXFileReference; lastKnownFileType = image.png; path = "m_voice_HL@2x.png"; sourceTree = "<group>"; };
		C09BC6AF1BA6FC7E0099C335 /* m_voice_trans_menu@2x.png */ = {isa = PBXFileReference; lastKnownFileType = image.png; path = "m_voice_trans_menu@2x.png"; sourceTree = "<group>"; };
		C09BC6B01BA6FC7E0099C335 /* m_VoiceBtn_Black@2x.png */ = {isa = PBXFileReference; lastKnownFileType = image.png; path = "m_VoiceBtn_Black@2x.png"; sourceTree = "<group>"; };
		C09BC6B11BA6FC7E0099C335 /* m_weChatBubble_Receiving_Cavern@2x.png */ = {isa = PBXFileReference; lastKnownFileType = image.png; path = "m_weChatBubble_Receiving_Cavern@2x.png"; sourceTree = "<group>"; };
		C09BC6B21BA6FC7E0099C335 /* m_weChatBubble_Receiving_Solid@2x.png */ = {isa = PBXFileReference; lastKnownFileType = image.png; path = "m_weChatBubble_Receiving_Solid@2x.png"; sourceTree = "<group>"; };
		C09BC6B31BA6FC7E0099C335 /* m_weChatBubble_Sending_Cavern@2x.png */ = {isa = PBXFileReference; lastKnownFileType = image.png; path = "m_weChatBubble_Sending_Cavern@2x.png"; sourceTree = "<group>"; };
		C09BC6B41BA6FC7E0099C335 /* m_weChatBubble_Sending_Solid@2x.png */ = {isa = PBXFileReference; lastKnownFileType = image.png; path = "m_weChatBubble_Sending_Solid@2x.png"; sourceTree = "<group>"; };
		C09BC6B51BA6FC7E0099C335 /* zh-Hans */ = {isa = PBXFileReference; lastKnownFileType = text.plist.strings; name = "zh-Hans"; path = "zh-Hans.lproj/MessageDisplayKitString.strings"; sourceTree = "<group>"; };
		E13AAA403BCD3967D9FC7B47 /* Pods-Example.release.xcconfig */ = {isa = PBXFileReference; includeInIndex = 1; lastKnownFileType = text.xcconfig; name = "Pods-Example.release.xcconfig"; path = "Pods/Target Support Files/Pods-Example/Pods-Example.release.xcconfig"; sourceTree = "<group>"; };
/* End PBXFileReference section */

/* Begin PBXFrameworksBuildPhase section */
		C09BC61C1BA6FBCC0099C335 /* Frameworks */ = {
			isa = PBXFrameworksBuildPhase;
			buildActionMask = 2147483647;
			files = (
				A2DCA77A36D9017F401163DB /* libPods-Example.a in Frameworks */,
			);
			runOnlyForDeploymentPostprocessing = 0;
		};
		C09BC6351BA6FBCC0099C335 /* Frameworks */ = {
			isa = PBXFrameworksBuildPhase;
			buildActionMask = 2147483647;
			files = (
			);
			runOnlyForDeploymentPostprocessing = 0;
		};
/* End PBXFrameworksBuildPhase section */

/* Begin PBXGroup section */
		14BA89830A8BC84E0660F495 /* Pods */ = {
			isa = PBXGroup;
			children = (
				382EC73A1108EAD2F5817C11 /* Pods-Example.debug.xcconfig */,
				E13AAA403BCD3967D9FC7B47 /* Pods-Example.release.xcconfig */,
			);
			name = Pods;
			sourceTree = "<group>";
		};
		C09BC6141BA6FB9F0099C335 = {
			isa = PBXGroup;
			children = (
				C09BC6481BA6FC230099C335 /* Podfile */,
				C09BC6471BA6FBF10099C335 /* TRMessageKit.podspec */,
				C09BC6491BA6FC7E0099C335 /* Classes */,
				C09BC6821BA6FC7E0099C335 /* Resources */,
				C09BC6211BA6FBCC0099C335 /* Example */,
				C09BC63B1BA6FBCC0099C335 /* ExampleTests */,
				C09BC6201BA6FBCC0099C335 /* Products */,
				14BA89830A8BC84E0660F495 /* Pods */,
				FF52CC6B117A7CA68DF2A19D /* Frameworks */,
			);
			sourceTree = "<group>";
		};
		C09BC6201BA6FBCC0099C335 /* Products */ = {
			isa = PBXGroup;
			children = (
				C09BC61F1BA6FBCC0099C335 /* Example.app */,
				C09BC6381BA6FBCC0099C335 /* ExampleTests.xctest */,
			);
			name = Products;
			sourceTree = "<group>";
		};
		C09BC6211BA6FBCC0099C335 /* Example */ = {
			isa = PBXGroup;
			children = (
				C09BC6261BA6FBCC0099C335 /* AppDelegate.h */,
				C09BC6271BA6FBCC0099C335 /* AppDelegate.m */,
				C09BC6291BA6FBCC0099C335 /* ViewController.h */,
				C09BC62A1BA6FBCC0099C335 /* ViewController.m */,
				C09BC62C1BA6FBCC0099C335 /* Main.storyboard */,
				C09BC62F1BA6FBCC0099C335 /* Images.xcassets */,
				C09BC6311BA6FBCC0099C335 /* LaunchScreen.xib */,
				C09BC6221BA6FBCC0099C335 /* Supporting Files */,
			);
			path = Example;
			sourceTree = "<group>";
		};
		C09BC6221BA6FBCC0099C335 /* Supporting Files */ = {
			isa = PBXGroup;
			children = (
				C09BC6231BA6FBCC0099C335 /* Info.plist */,
				C09BC6241BA6FBCC0099C335 /* main.m */,
			);
			name = "Supporting Files";
			sourceTree = "<group>";
		};
		C09BC63B1BA6FBCC0099C335 /* ExampleTests */ = {
			isa = PBXGroup;
			children = (
				C09BC63E1BA6FBCC0099C335 /* ExampleTests.m */,
				C09BC63C1BA6FBCC0099C335 /* Supporting Files */,
			);
			path = ExampleTests;
			sourceTree = "<group>";
		};
		C09BC63C1BA6FBCC0099C335 /* Supporting Files */ = {
			isa = PBXGroup;
			children = (
				C09BC63D1BA6FBCC0099C335 /* Info.plist */,
			);
			name = "Supporting Files";
			sourceTree = "<group>";
		};
		C09BC6491BA6FC7E0099C335 /* Classes */ = {
			isa = PBXGroup;
			children = (
				C09BC64A1BA6FC7E0099C335 /* Categorys */,
				C09BC65E1BA6FC7E0099C335 /* Common */,
				C09BC6631BA6FC7E0099C335 /* Factorys */,
				C09BC66A1BA6FC7E0099C335 /* Macro */,
				C09BC66C1BA6FC7E0099C335 /* Models */,
				C09BC66F1BA6FC7E0099C335 /* Views */,
			);
			name = Classes;
			path = ../Classes;
			sourceTree = "<group>";
		};
		C09BC64A1BA6FC7E0099C335 /* Categorys */ = {
			isa = PBXGroup;
			children = (
				C09BC64B1BA6FC7E0099C335 /* NSString */,
				C09BC6501BA6FC7E0099C335 /* UIImage */,
				C09BC65B1BA6FC7E0099C335 /* UIScrollView */,
			);
			path = Categorys;
			sourceTree = "<group>";
		};
		C09BC64B1BA6FC7E0099C335 /* NSString */ = {
			isa = PBXGroup;
			children = (
				C09BC64C1BA6FC7E0099C335 /* NSString+MessageInputView.h */,
				C09BC64D1BA6FC7E0099C335 /* NSString+MessageInputView.m */,
				C09BC64E1BA6FC7E0099C335 /* NSString+XHMD5.h */,
				C09BC64F1BA6FC7E0099C335 /* NSString+XHMD5.m */,
			);
			path = NSString;
			sourceTree = "<group>";
		};
		C09BC6501BA6FC7E0099C335 /* UIImage */ = {
			isa = PBXGroup;
			children = (
				C09BC6511BA6FC7E0099C335 /* UIImage+Alpha.h */,
				C09BC6521BA6FC7E0099C335 /* UIImage+Alpha.m */,
				C09BC6531BA6FC7E0099C335 /* UIImage+Resize.h */,
				C09BC6541BA6FC7E0099C335 /* UIImage+Resize.m */,
				C09BC6551BA6FC7E0099C335 /* UIImage+RoundedCorner.h */,
				C09BC6561BA6FC7E0099C335 /* UIImage+RoundedCorner.m */,
				C09BC6571BA6FC7E0099C335 /* UIImage+Utility.h */,
				C09BC6581BA6FC7E0099C335 /* UIImage+Utility.m */,
				C09BC6591BA6FC7E0099C335 /* UIImage+XHRounded.h */,
				C09BC65A1BA6FC7E0099C335 /* UIImage+XHRounded.m */,
			);
			path = UIImage;
			sourceTree = "<group>";
		};
		C09BC65B1BA6FC7E0099C335 /* UIScrollView */ = {
			isa = PBXGroup;
			children = (
				C09BC65C1BA6FC7E0099C335 /* UIScrollView+XHkeyboardControl.h */,
				C09BC65D1BA6FC7E0099C335 /* UIScrollView+XHkeyboardControl.m */,
			);
			path = UIScrollView;
			sourceTree = "<group>";
		};
		C09BC65E1BA6FC7E0099C335 /* Common */ = {
			isa = PBXGroup;
			children = (
				C09BC65F1BA6FC7E0099C335 /* XHPhotographyHelper.h */,
				C09BC6601BA6FC7E0099C335 /* XHPhotographyHelper.m */,
				C09BC6611BA6FC7E0099C335 /* XHVoiceRecordHelper.h */,
				C09BC6621BA6FC7E0099C335 /* XHVoiceRecordHelper.m */,
			);
			path = Common;
			sourceTree = "<group>";
		};
		C09BC6631BA6FC7E0099C335 /* Factorys */ = {
			isa = PBXGroup;
			children = (
				C09BC6641BA6FC7E0099C335 /* XHMessageBubbleFactory.h */,
				C09BC6651BA6FC7E0099C335 /* XHMessageBubbleFactory.m */,
				C09BC6661BA6FC7E0099C335 /* XHMessageVideoConverPhotoFactory.h */,
				C09BC6671BA6FC7E0099C335 /* XHMessageVideoConverPhotoFactory.m */,
				C09BC6681BA6FC7E0099C335 /* XHMessageVoiceFactory.h */,
				C09BC6691BA6FC7E0099C335 /* XHMessageVoiceFactory.m */,
			);
			path = Factorys;
			sourceTree = "<group>";
		};
		C09BC66A1BA6FC7E0099C335 /* Macro */ = {
			isa = PBXGroup;
			children = (
				C09BC66B1BA6FC7E0099C335 /* XHFoundationMacro.h */,
			);
			path = Macro;
			sourceTree = "<group>";
		};
		C09BC66C1BA6FC7E0099C335 /* Models */ = {
			isa = PBXGroup;
			children = (
				C09BC66D1BA6FC7E0099C335 /* XHShareMenuItem.h */,
				C09BC66E1BA6FC7E0099C335 /* XHShareMenuItem.m */,
			);
			path = Models;
			sourceTree = "<group>";
		};
		C09BC66F1BA6FC7E0099C335 /* Views */ = {
			isa = PBXGroup;
			children = (
				C09BC6701BA6FC7E0099C335 /* MessageContentViews */,
				C09BC6771BA6FC7E0099C335 /* MessageInputView */,
				C09BC67E1BA6FC7E0099C335 /* MessageMenuViews */,
				C09BC6811BA6FC7E0099C335 /* UIScrollView */,
			);
			path = Views;
			sourceTree = "<group>";
		};
		C09BC6701BA6FC7E0099C335 /* MessageContentViews */ = {
			isa = PBXGroup;
			children = (
				C09BC6711BA6FC7E0099C335 /* XHBubbleMsgImageView.h */,
				C09BC6721BA6FC7E0099C335 /* XHBubbleMsgImageView.m */,
				C09BC6731BA6FC7E0099C335 /* XHBubblePhotoImageView.h */,
				C09BC6741BA6FC7E0099C335 /* XHBubblePhotoImageView.m */,
				C09BC6751BA6FC7E0099C335 /* XHMessageTableView.h */,
				C09BC6761BA6FC7E0099C335 /* XHMessageTableView.m */,
			);
			path = MessageContentViews;
			sourceTree = "<group>";
		};
		C09BC6771BA6FC7E0099C335 /* MessageInputView */ = {
			isa = PBXGroup;
			children = (
				C09BC6781BA6FC7E0099C335 /* XHMessageInputView.h */,
				C09BC6791BA6FC7E0099C335 /* XHMessageInputView.m */,
				C09BC67A1BA6FC7E0099C335 /* XHMessageTextView.h */,
				C09BC67B1BA6FC7E0099C335 /* XHMessageTextView.m */,
				C09BC67C1BA6FC7E0099C335 /* XHVoiceRecordHUD.h */,
				C09BC67D1BA6FC7E0099C335 /* XHVoiceRecordHUD.m */,
			);
			path = MessageInputView;
			sourceTree = "<group>";
		};
		C09BC67E1BA6FC7E0099C335 /* MessageMenuViews */ = {
			isa = PBXGroup;
			children = (
				C09BC67F1BA6FC7E0099C335 /* XHShareMenuView.h */,
				C09BC6801BA6FC7E0099C335 /* XHShareMenuView.m */,
			);
			path = MessageMenuViews;
			sourceTree = "<group>";
		};
		C09BC6811BA6FC7E0099C335 /* UIScrollView */ = {
			isa = PBXGroup;
			children = (
			);
			path = UIScrollView;
			sourceTree = "<group>";
		};
		C09BC6821BA6FC7E0099C335 /* Resources */ = {
			isa = PBXGroup;
			children = (
				C09BC6831BA6FC7E0099C335 /* emotions.bundle */,
				C09BC6841BA6FC7E0099C335 /* MessageDisplayKitString.strings */,
				C09BC6861BA6FC7E0099C335 /* message */,
			);
			name = Resources;
			path = ../Resources;
			sourceTree = "<group>";
		};
		C09BC6861BA6FC7E0099C335 /* message */ = {
			isa = PBXGroup;
			children = (
				C09BC6871BA6FC7E0099C335 /* m_avator@2x.png */,
				C09BC6881BA6FC7E0099C335 /* m_face@2x.png */,
				C09BC6891BA6FC7E0099C335 /* m_face_HL@2x.png */,
				C09BC68A1BA6FC7E0099C335 /* m_input-bar-background.png */,
				C09BC68B1BA6FC7E0099C335 /* m_input-bar-background@2x.png */,
				C09BC68C1BA6FC7E0099C335 /* m_input-bar-flat.png */,
				C09BC68D1BA6FC7E0099C335 /* m_input-bar-flat@2x.png */,
				C09BC68E1BA6FC7E0099C335 /* m_input-field-cover.png */,
				C09BC68F1BA6FC7E0099C335 /* m_input-field-cover@2x.png */,
				C09BC6901BA6FC7E0099C335 /* m_keyborad@2x.png */,
				C09BC6911BA6FC7E0099C335 /* m_location_menu@2x.png */,
				C09BC6921BA6FC7E0099C335 /* m_media_default@2x.png */,
				C09BC6931BA6FC7E0099C335 /* m_MessageVideoPlay@2x.png */,
				C09BC6941BA6FC7E0099C335 /* m_msg_chat_voice_unread.png */,
				C09BC6951BA6FC7E0099C335 /* m_msg_chat_voice_unread@2x.png */,
				C09BC6961BA6FC7E0099C335 /* m_multiMedia@2x.png */,
				C09BC6971BA6FC7E0099C335 /* m_multiMedia_HL@2x.png */,
				C09BC6981BA6FC7E0099C335 /* m_photo_menu@2x.png */,
				C09BC6991BA6FC7E0099C335 /* m_ReceiverVoiceNodePlaying000@2x.png */,
				C09BC69A1BA6FC7E0099C335 /* m_ReceiverVoiceNodePlaying001@2x.png */,
				C09BC69B1BA6FC7E0099C335 /* m_ReceiverVoiceNodePlaying002@2x.png */,
				C09BC69C1BA6FC7E0099C335 /* m_ReceiverVoiceNodePlaying003@2x.png */,
				C09BC69D1BA6FC7E0099C335 /* m_ReceiverVoiceNodePlaying@2x.png */,
				C09BC69E1BA6FC7E0099C335 /* m_RecordCancel@2x.png */,
				C09BC69F1BA6FC7E0099C335 /* m_RecordingBkg@2x.png */,
				C09BC6A01BA6FC7E0099C335 /* m_RecordingSignal001@2x.png */,
				C09BC6A11BA6FC7E0099C335 /* m_RecordingSignal004@2x.png */,
				C09BC6A21BA6FC7E0099C335 /* m_RecordingSignal005@2x.png */,
				C09BC6A31BA6FC7E0099C335 /* m_RecordingSignal006@2x.png */,
				C09BC6A41BA6FC7E0099C335 /* m_RecordingSignal007@2x.png */,
				C09BC6A51BA6FC7E0099C335 /* m_RecordingSignal008@2x.png */,
				C09BC6A61BA6FC7E0099C335 /* m_resend@2x.png */,
				C09BC6A71BA6FC7E0099C335 /* m_SenderVoiceNodePlaying000@2x.png */,
				C09BC6A81BA6FC7E0099C335 /* m_SenderVoiceNodePlaying001@2x.png */,
				C09BC6A91BA6FC7E0099C335 /* m_SenderVoiceNodePlaying002@2x.png */,
				C09BC6AA1BA6FC7E0099C335 /* m_SenderVoiceNodePlaying003@2x.png */,
				C09BC6AB1BA6FC7E0099C335 /* m_SenderVoiceNodePlaying@2x.png */,
				C09BC6AC1BA6FC7E0099C335 /* m_video_menu@2x.png */,
				C09BC6AD1BA6FC7E0099C335 /* m_voice@2x.png */,
				C09BC6AE1BA6FC7E0099C335 /* m_voice_HL@2x.png */,
				C09BC6AF1BA6FC7E0099C335 /* m_voice_trans_menu@2x.png */,
				C09BC6B01BA6FC7E0099C335 /* m_VoiceBtn_Black@2x.png */,
				C09BC6B11BA6FC7E0099C335 /* m_weChatBubble_Receiving_Cavern@2x.png */,
				C09BC6B21BA6FC7E0099C335 /* m_weChatBubble_Receiving_Solid@2x.png */,
				C09BC6B31BA6FC7E0099C335 /* m_weChatBubble_Sending_Cavern@2x.png */,
				C09BC6B41BA6FC7E0099C335 /* m_weChatBubble_Sending_Solid@2x.png */,
			);
			path = message;
			sourceTree = "<group>";
		};
		FF52CC6B117A7CA68DF2A19D /* Frameworks */ = {
			isa = PBXGroup;
			children = (
				34B8F8D3AF097D5925AFC8EC /* libPods-Example.a */,
			);
			name = Frameworks;
			sourceTree = "<group>";
		};
/* End PBXGroup section */

/* Begin PBXNativeTarget section */
		C09BC61E1BA6FBCC0099C335 /* Example */ = {
			isa = PBXNativeTarget;
			buildConfigurationList = C09BC6401BA6FBCC0099C335 /* Build configuration list for PBXNativeTarget "Example" */;
			buildPhases = (
				41FB8CBA944AC40128C78AC7 /* Check Pods Manifest.lock */,
				C09BC61B1BA6FBCC0099C335 /* Sources */,
				C09BC61C1BA6FBCC0099C335 /* Frameworks */,
				C09BC61D1BA6FBCC0099C335 /* Resources */,
				B6257BBA8A2C03236CDDC45A /* Copy Pods Resources */,
			);
			buildRules = (
			);
			dependencies = (
			);
			name = Example;
			productName = Example;
			productReference = C09BC61F1BA6FBCC0099C335 /* Example.app */;
			productType = "com.apple.product-type.application";
		};
		C09BC6371BA6FBCC0099C335 /* ExampleTests */ = {
			isa = PBXNativeTarget;
			buildConfigurationList = C09BC6431BA6FBCC0099C335 /* Build configuration list for PBXNativeTarget "ExampleTests" */;
			buildPhases = (
				C09BC6341BA6FBCC0099C335 /* Sources */,
				C09BC6351BA6FBCC0099C335 /* Frameworks */,
				C09BC6361BA6FBCC0099C335 /* Resources */,
			);
			buildRules = (
			);
			dependencies = (
				C09BC63A1BA6FBCC0099C335 /* PBXTargetDependency */,
			);
			name = ExampleTests;
			productName = ExampleTests;
			productReference = C09BC6381BA6FBCC0099C335 /* ExampleTests.xctest */;
			productType = "com.apple.product-type.bundle.unit-test";
		};
/* End PBXNativeTarget section */

/* Begin PBXProject section */
		C09BC6151BA6FB9F0099C335 /* Project object */ = {
			isa = PBXProject;
			attributes = {
				LastUpgradeCheck = 0640;
				TargetAttributes = {
					C09BC61E1BA6FBCC0099C335 = {
						CreatedOnToolsVersion = 6.4;
					};
					C09BC6371BA6FBCC0099C335 = {
						CreatedOnToolsVersion = 6.4;
						TestTargetID = C09BC61E1BA6FBCC0099C335;
					};
				};
			};
			buildConfigurationList = C09BC6181BA6FB9F0099C335 /* Build configuration list for PBXProject "TRTRMessageKit" */;
			compatibilityVersion = "Xcode 3.2";
			developmentRegion = English;
			hasScannedForEncodings = 0;
			knownRegions = (
				en,
				Base,
				"zh-Hans",
			);
			mainGroup = C09BC6141BA6FB9F0099C335;
			productRefGroup = C09BC6201BA6FBCC0099C335 /* Products */;
			projectDirPath = "";
			projectRoot = "";
			targets = (
				C09BC61E1BA6FBCC0099C335 /* Example */,
				C09BC6371BA6FBCC0099C335 /* ExampleTests */,
			);
		};
/* End PBXProject section */

/* Begin PBXResourcesBuildPhase section */
		C09BC61D1BA6FBCC0099C335 /* Resources */ = {
			isa = PBXResourcesBuildPhase;
			buildActionMask = 2147483647;
			files = (
				C09BC62E1BA6FBCC0099C335 /* Main.storyboard in Resources */,
				C09BC6331BA6FBCC0099C335 /* LaunchScreen.xib in Resources */,
				C09BC6301BA6FBCC0099C335 /* Images.xcassets in Resources */,
			);
			runOnlyForDeploymentPostprocessing = 0;
		};
		C09BC6361BA6FBCC0099C335 /* Resources */ = {
			isa = PBXResourcesBuildPhase;
			buildActionMask = 2147483647;
			files = (
			);
			runOnlyForDeploymentPostprocessing = 0;
		};
/* End PBXResourcesBuildPhase section */

/* Begin PBXShellScriptBuildPhase section */
		41FB8CBA944AC40128C78AC7 /* Check Pods Manifest.lock */ = {
			isa = PBXShellScriptBuildPhase;
			buildActionMask = 2147483647;
			files = (
			);
			inputPaths = (
			);
			name = "Check Pods Manifest.lock";
			outputPaths = (
			);
			runOnlyForDeploymentPostprocessing = 0;
			shellPath = /bin/sh;
			shellScript = "diff \"${PODS_ROOT}/../Podfile.lock\" \"${PODS_ROOT}/Manifest.lock\" > /dev/null\nif [[ $? != 0 ]] ; then\n    cat << EOM\nerror: The sandbox is not in sync with the Podfile.lock. Run 'pod install' or update your CocoaPods installation.\nEOM\n    exit 1\nfi\n";
			showEnvVarsInLog = 0;
		};
		B6257BBA8A2C03236CDDC45A /* Copy Pods Resources */ = {
			isa = PBXShellScriptBuildPhase;
			buildActionMask = 2147483647;
			files = (
			);
			inputPaths = (
			);
			name = "Copy Pods Resources";
			outputPaths = (
			);
			runOnlyForDeploymentPostprocessing = 0;
			shellPath = /bin/sh;
			shellScript = "\"${SRCROOT}/Pods/Target Support Files/Pods-Example/Pods-Example-resources.sh\"\n";
			showEnvVarsInLog = 0;
		};
/* End PBXShellScriptBuildPhase section */

/* Begin PBXSourcesBuildPhase section */
		C09BC61B1BA6FBCC0099C335 /* Sources */ = {
			isa = PBXSourcesBuildPhase;
			buildActionMask = 2147483647;
			files = (
				C09BC62B1BA6FBCC0099C335 /* ViewController.m in Sources */,
				C09BC6281BA6FBCC0099C335 /* AppDelegate.m in Sources */,
				C09BC6251BA6FBCC0099C335 /* main.m in Sources */,
			);
			runOnlyForDeploymentPostprocessing = 0;
		};
		C09BC6341BA6FBCC0099C335 /* Sources */ = {
			isa = PBXSourcesBuildPhase;
			buildActionMask = 2147483647;
			files = (
				C09BC63F1BA6FBCC0099C335 /* ExampleTests.m in Sources */,
			);
			runOnlyForDeploymentPostprocessing = 0;
		};
/* End PBXSourcesBuildPhase section */

/* Begin PBXTargetDependency section */
		C09BC63A1BA6FBCC0099C335 /* PBXTargetDependency */ = {
			isa = PBXTargetDependency;
			target = C09BC61E1BA6FBCC0099C335 /* Example */;
			targetProxy = C09BC6391BA6FBCC0099C335 /* PBXContainerItemProxy */;
		};
/* End PBXTargetDependency section */

/* Begin PBXVariantGroup section */
		C09BC62C1BA6FBCC0099C335 /* Main.storyboard */ = {
			isa = PBXVariantGroup;
			children = (
				C09BC62D1BA6FBCC0099C335 /* Base */,
			);
			name = Main.storyboard;
			sourceTree = "<group>";
		};
		C09BC6311BA6FBCC0099C335 /* LaunchScreen.xib */ = {
			isa = PBXVariantGroup;
			children = (
				C09BC6321BA6FBCC0099C335 /* Base */,
			);
			name = LaunchScreen.xib;
			sourceTree = "<group>";
		};
		C09BC6841BA6FC7E0099C335 /* MessageDisplayKitString.strings */ = {
			isa = PBXVariantGroup;
			children = (
				C09BC6851BA6FC7E0099C335 /* en */,
				C09BC6B51BA6FC7E0099C335 /* zh-Hans */,
			);
			name = MessageDisplayKitString.strings;
			sourceTree = "<group>";
		};
/* End PBXVariantGroup section */

/* Begin XCBuildConfiguration section */
		C09BC6191BA6FB9F0099C335 /* Debug */ = {
			isa = XCBuildConfiguration;
			buildSettings = {
			};
			name = Debug;
		};
		C09BC61A1BA6FB9F0099C335 /* Release */ = {
			isa = XCBuildConfiguration;
			buildSettings = {
			};
			name = Release;
		};
		C09BC6411BA6FBCC0099C335 /* Debug */ = {
			isa = XCBuildConfiguration;
			baseConfigurationReference = 382EC73A1108EAD2F5817C11 /* Pods-Example.debug.xcconfig */;
			buildSettings = {
				ALWAYS_SEARCH_USER_PATHS = NO;
				ASSETCATALOG_COMPILER_APPICON_NAME = AppIcon;
				CLANG_CXX_LANGUAGE_STANDARD = "gnu++0x";
				CLANG_CXX_LIBRARY = "libc++";
				CLANG_ENABLE_MODULES = YES;
				CLANG_ENABLE_OBJC_ARC = YES;
				CLANG_WARN_BOOL_CONVERSION = YES;
				CLANG_WARN_CONSTANT_CONVERSION = YES;
				CLANG_WARN_DIRECT_OBJC_ISA_USAGE = YES_ERROR;
				CLANG_WARN_EMPTY_BODY = YES;
				CLANG_WARN_ENUM_CONVERSION = YES;
				CLANG_WARN_INT_CONVERSION = YES;
				CLANG_WARN_OBJC_ROOT_CLASS = YES_ERROR;
				CLANG_WARN_UNREACHABLE_CODE = YES;
				CLANG_WARN__DUPLICATE_METHOD_MATCH = YES;
				"CODE_SIGN_IDENTITY[sdk=iphoneos*]" = "iPhone Developer";
				COPY_PHASE_STRIP = NO;
				DEBUG_INFORMATION_FORMAT = "dwarf-with-dsym";
				ENABLE_STRICT_OBJC_MSGSEND = YES;
				GCC_C_LANGUAGE_STANDARD = gnu99;
				GCC_DYNAMIC_NO_PIC = NO;
				GCC_NO_COMMON_BLOCKS = YES;
				GCC_OPTIMIZATION_LEVEL = 0;
				GCC_PREPROCESSOR_DEFINITIONS = (
					"DEBUG=1",
					"$(inherited)",
				);
				GCC_SYMBOLS_PRIVATE_EXTERN = NO;
				GCC_WARN_64_TO_32_BIT_CONVERSION = YES;
				GCC_WARN_ABOUT_RETURN_TYPE = YES_ERROR;
				GCC_WARN_UNDECLARED_SELECTOR = YES;
				GCC_WARN_UNINITIALIZED_AUTOS = YES_AGGRESSIVE;
				GCC_WARN_UNUSED_FUNCTION = YES;
				GCC_WARN_UNUSED_VARIABLE = YES;
				INFOPLIST_FILE = Example/Info.plist;
				IPHONEOS_DEPLOYMENT_TARGET = 8.4;
				LD_RUNPATH_SEARCH_PATHS = "$(inherited) @executable_path/Frameworks";
				MTL_ENABLE_DEBUG_INFO = YES;
				ONLY_ACTIVE_ARCH = YES;
				PRODUCT_NAME = "$(TARGET_NAME)";
				SDKROOT = iphoneos;
			};
			name = Debug;
		};
		C09BC6421BA6FBCC0099C335 /* Release */ = {
			isa = XCBuildConfiguration;
			baseConfigurationReference = E13AAA403BCD3967D9FC7B47 /* Pods-Example.release.xcconfig */;
			buildSettings = {
				ALWAYS_SEARCH_USER_PATHS = NO;
				ASSETCATALOG_COMPILER_APPICON_NAME = AppIcon;
				CLANG_CXX_LANGUAGE_STANDARD = "gnu++0x";
				CLANG_CXX_LIBRARY = "libc++";
				CLANG_ENABLE_MODULES = YES;
				CLANG_ENABLE_OBJC_ARC = YES;
				CLANG_WARN_BOOL_CONVERSION = YES;
				CLANG_WARN_CONSTANT_CONVERSION = YES;
				CLANG_WARN_DIRECT_OBJC_ISA_USAGE = YES_ERROR;
				CLANG_WARN_EMPTY_BODY = YES;
				CLANG_WARN_ENUM_CONVERSION = YES;
				CLANG_WARN_INT_CONVERSION = YES;
				CLANG_WARN_OBJC_ROOT_CLASS = YES_ERROR;
				CLANG_WARN_UNREACHABLE_CODE = YES;
				CLANG_WARN__DUPLICATE_METHOD_MATCH = YES;
				"CODE_SIGN_IDENTITY[sdk=iphoneos*]" = "iPhone Developer";
				COPY_PHASE_STRIP = NO;
				DEBUG_INFORMATION_FORMAT = "dwarf-with-dsym";
				ENABLE_NS_ASSERTIONS = NO;
				ENABLE_STRICT_OBJC_MSGSEND = YES;
				GCC_C_LANGUAGE_STANDARD = gnu99;
				GCC_NO_COMMON_BLOCKS = YES;
				GCC_WARN_64_TO_32_BIT_CONVERSION = YES;
				GCC_WARN_ABOUT_RETURN_TYPE = YES_ERROR;
				GCC_WARN_UNDECLARED_SELECTOR = YES;
				GCC_WARN_UNINITIALIZED_AUTOS = YES_AGGRESSIVE;
				GCC_WARN_UNUSED_FUNCTION = YES;
				GCC_WARN_UNUSED_VARIABLE = YES;
				INFOPLIST_FILE = Example/Info.plist;
				IPHONEOS_DEPLOYMENT_TARGET = 8.4;
				LD_RUNPATH_SEARCH_PATHS = "$(inherited) @executable_path/Frameworks";
				MTL_ENABLE_DEBUG_INFO = NO;
				PRODUCT_NAME = "$(TARGET_NAME)";
				SDKROOT = iphoneos;
				VALIDATE_PRODUCT = YES;
			};
			name = Release;
		};
		C09BC6441BA6FBCC0099C335 /* Debug */ = {
			isa = XCBuildConfiguration;
			buildSettings = {
				ALWAYS_SEARCH_USER_PATHS = NO;
				BUNDLE_LOADER = "$(TEST_HOST)";
				CLANG_CXX_LANGUAGE_STANDARD = "gnu++0x";
				CLANG_CXX_LIBRARY = "libc++";
				CLANG_ENABLE_MODULES = YES;
				CLANG_ENABLE_OBJC_ARC = YES;
				CLANG_WARN_BOOL_CONVERSION = YES;
				CLANG_WARN_CONSTANT_CONVERSION = YES;
				CLANG_WARN_DIRECT_OBJC_ISA_USAGE = YES_ERROR;
				CLANG_WARN_EMPTY_BODY = YES;
				CLANG_WARN_ENUM_CONVERSION = YES;
				CLANG_WARN_INT_CONVERSION = YES;
				CLANG_WARN_OBJC_ROOT_CLASS = YES_ERROR;
				CLANG_WARN_UNREACHABLE_CODE = YES;
				CLANG_WARN__DUPLICATE_METHOD_MATCH = YES;
				COPY_PHASE_STRIP = NO;
				DEBUG_INFORMATION_FORMAT = "dwarf-with-dsym";
				ENABLE_STRICT_OBJC_MSGSEND = YES;
				FRAMEWORK_SEARCH_PATHS = (
					"$(SDKROOT)/Developer/Library/Frameworks",
					"$(inherited)",
				);
				GCC_C_LANGUAGE_STANDARD = gnu99;
				GCC_DYNAMIC_NO_PIC = NO;
				GCC_NO_COMMON_BLOCKS = YES;
				GCC_OPTIMIZATION_LEVEL = 0;
				GCC_PREPROCESSOR_DEFINITIONS = (
					"DEBUG=1",
					"$(inherited)",
				);
				GCC_SYMBOLS_PRIVATE_EXTERN = NO;
				GCC_WARN_64_TO_32_BIT_CONVERSION = YES;
				GCC_WARN_ABOUT_RETURN_TYPE = YES_ERROR;
				GCC_WARN_UNDECLARED_SELECTOR = YES;
				GCC_WARN_UNINITIALIZED_AUTOS = YES_AGGRESSIVE;
				GCC_WARN_UNUSED_FUNCTION = YES;
				GCC_WARN_UNUSED_VARIABLE = YES;
				INFOPLIST_FILE = ExampleTests/Info.plist;
				IPHONEOS_DEPLOYMENT_TARGET = 8.4;
				LD_RUNPATH_SEARCH_PATHS = "$(inherited) @executable_path/Frameworks @loader_path/Frameworks";
				MTL_ENABLE_DEBUG_INFO = YES;
				ONLY_ACTIVE_ARCH = YES;
				PRODUCT_NAME = "$(TARGET_NAME)";
				SDKROOT = iphoneos;
				TEST_HOST = "$(BUILT_PRODUCTS_DIR)/Example.app/Example";
			};
			name = Debug;
		};
		C09BC6451BA6FBCC0099C335 /* Release */ = {
			isa = XCBuildConfiguration;
			buildSettings = {
				ALWAYS_SEARCH_USER_PATHS = NO;
				BUNDLE_LOADER = "$(TEST_HOST)";
				CLANG_CXX_LANGUAGE_STANDARD = "gnu++0x";
				CLANG_CXX_LIBRARY = "libc++";
				CLANG_ENABLE_MODULES = YES;
				CLANG_ENABLE_OBJC_ARC = YES;
				CLANG_WARN_BOOL_CONVERSION = YES;
				CLANG_WARN_CONSTANT_CONVERSION = YES;
				CLANG_WARN_DIRECT_OBJC_ISA_USAGE = YES_ERROR;
				CLANG_WARN_EMPTY_BODY = YES;
				CLANG_WARN_ENUM_CONVERSION = YES;
				CLANG_WARN_INT_CONVERSION = YES;
				CLANG_WARN_OBJC_ROOT_CLASS = YES_ERROR;
				CLANG_WARN_UNREACHABLE_CODE = YES;
				CLANG_WARN__DUPLICATE_METHOD_MATCH = YES;
				COPY_PHASE_STRIP = NO;
				DEBUG_INFORMATION_FORMAT = "dwarf-with-dsym";
				ENABLE_NS_ASSERTIONS = NO;
				ENABLE_STRICT_OBJC_MSGSEND = YES;
				FRAMEWORK_SEARCH_PATHS = (
					"$(SDKROOT)/Developer/Library/Frameworks",
					"$(inherited)",
				);
				GCC_C_LANGUAGE_STANDARD = gnu99;
				GCC_NO_COMMON_BLOCKS = YES;
				GCC_WARN_64_TO_32_BIT_CONVERSION = YES;
				GCC_WARN_ABOUT_RETURN_TYPE = YES_ERROR;
				GCC_WARN_UNDECLARED_SELECTOR = YES;
				GCC_WARN_UNINITIALIZED_AUTOS = YES_AGGRESSIVE;
				GCC_WARN_UNUSED_FUNCTION = YES;
				GCC_WARN_UNUSED_VARIABLE = YES;
				INFOPLIST_FILE = ExampleTests/Info.plist;
				IPHONEOS_DEPLOYMENT_TARGET = 8.4;
				LD_RUNPATH_SEARCH_PATHS = "$(inherited) @executable_path/Frameworks @loader_path/Frameworks";
				MTL_ENABLE_DEBUG_INFO = NO;
				PRODUCT_NAME = "$(TARGET_NAME)";
				SDKROOT = iphoneos;
				TEST_HOST = "$(BUILT_PRODUCTS_DIR)/Example.app/Example";
				VALIDATE_PRODUCT = YES;
			};
			name = Release;
		};
/* End XCBuildConfiguration section */

/* Begin XCConfigurationList section */
		C09BC6181BA6FB9F0099C335 /* Build configuration list for PBXProject "TRTRMessageKit" */ = {
			isa = XCConfigurationList;
			buildConfigurations = (
				C09BC6191BA6FB9F0099C335 /* Debug */,
				C09BC61A1BA6FB9F0099C335 /* Release */,
			);
			defaultConfigurationIsVisible = 0;
			defaultConfigurationName = Release;
		};
		C09BC6401BA6FBCC0099C335 /* Build configuration list for PBXNativeTarget "Example" */ = {
			isa = XCConfigurationList;
			buildConfigurations = (
				C09BC6411BA6FBCC0099C335 /* Debug */,
				C09BC6421BA6FBCC0099C335 /* Release */,
			);
			defaultConfigurationIsVisible = 0;
			defaultConfigurationName = Release;
		};
		C09BC6431BA6FBCC0099C335 /* Build configuration list for PBXNativeTarget "ExampleTests" */ = {
			isa = XCConfigurationList;
			buildConfigurations = (
				C09BC6441BA6FBCC0099C335 /* Debug */,
				C09BC6451BA6FBCC0099C335 /* Release */,
			);
			defaultConfigurationIsVisible = 0;
			defaultConfigurationName = Release;
		};
/* End XCConfigurationList section */
	};
	rootObject = C09BC6151BA6FB9F0099C335 /* Project object */;
}
